lockfileVersion: '6.0'

settings:
  autoInstallPeers: false
  excludeLinksFromLockfile: false

dependencies:
  handlebars:
    specifier: ^4.7.8
    version: 4.7.8

packages:

  /handlebars@4.7.8:
    resolution: {integrity: sha512-vafaFqs8MZkRrSX7sFVUdo3ap/eNiLnb4IakshzvP56X5Nr1iGKAIqdX6tMlm6HcNRIkr6AxO5jFEoJzzpT8aQ==}
    engines: {node: '>=0.4.7'}
    hasBin: true
    dependencies:
      minimist: 1.2.8
      neo-async: 2.6.2
      source-map: 0.6.1
      wordwrap: 1.0.0
    optionalDependencies:
      uglify-js: 3.17.4
    dev: false

  /minimist@1.2.8:
    resolution: {integrity: sha512-2yyAR8qBkN3YuheJanUpWC5U3bb5osDywNB8RzDVlDwDHbocAJveqqj1u8+SVD7jkWT4yvsHCpWqqWqAxb0zCA==}
    dev: false

  /neo-async@2.6.2:
    resolution: {integrity: sha512-Yd3UES5mWCSqR+qNT93S3UoYUkqAZ9lLg8a7g9rimsWmYGK8cVToA4/sF3RrshdyV3sAGMXVUmpMYOw+dLpOuw==}
    dev: false

  /source-map@0.6.1:
    resolution: {integrity: sha512-UjgapumWlbMhkBgzT7Ykc5YXUT46F0iKu8SGXq0bcwP5dz/h0Plj6enJqjz1Zbq2l5WaqYnrVbwWOWMyF3F47g==}
    engines: {node: '>=0.10.0'}
    dev: false

  /uglify-js@3.17.4:
    resolution: {integrity: sha512-T9q82TJI9e/C1TAxYvfb16xO120tMVFZrGA3f9/P4424DNu6ypK103y0GPFVa17yotwSyZW5iYXgjYHkGrJW/g==}
    engines: {node: '>=0.8.0'}
    hasBin: true
    requiresBuild: true
    dev: false
    optional: true

  /wordwrap@1.0.0:
    resolution: {integrity: sha512-gvVzJFlPycKc5dZN4yPkP8w7Dc37BtP1yczEneOb4uq34pXZcvrtRTmWV8W+Ume+XCxKgbjM+nevkyFPMybd4Q==}
    dev: false
